schema: '2.0'
stages:
  download_tep:
    cmd: python data/generators/tep_downloader.py
    deps:
    - path: data/generators/tep_downloader.py
      hash: md5
      md5: 92703f5d051970d7edfde575d085032a
      size: 5791
    - path: data/generators/tep_params.py
      hash: md5
      md5: 628f5b60f4bd5c30a2d886664451e994
      size: 4973
    params:
      params.yaml:
        tep.raw_dir: data/raw/tep
    outs:
    - path: data/raw/tep
      hash: md5
      md5: e82fbd78a973f4d893df0040403ccdba.dir
      size: 8813792
      nfiles: 23
  explore_tep:
    cmd: python data/generators/tep_explorer.py
    deps:
    - path: data/generators/tep_explorer.py
      hash: md5
      md5: 95e8257a0057d17ea256127a8ecce43b
      size: 4681
    - path: data/generators/tep_loader.py
      hash: md5
      md5: 4b1c39a335782e73a910c66d92b80b5b
      size: 2485
    - path: data/generators/tep_params.py
      hash: md5
      md5: 628f5b60f4bd5c30a2d886664451e994
      size: 4973
    - path: data/raw/tep
      hash: md5
      md5: e82fbd78a973f4d893df0040403ccdba.dir
      size: 8813792
      nfiles: 23
    params:
      params.yaml:
        tep.raw_dir: data/raw/tep
        tep.reports_dir: data/reports
    outs:
    - path: data/reports
      hash: md5
      md5: ee3938fa6adb3a1a4c354b2beaf969ea.dir
      size: 369263
      nfiles: 2
  adapt_tep:
    cmd: python data/generators/adapt_tep.py
    deps:
    - path: configs/sensor_spans.yaml
      hash: md5
      md5: dfa1026d240cdb3d0193c76a0cc0ec76
      size: 7335
    - path: data/generators/adapt_tep.py
      hash: md5
      md5: 98056edb70ed79d2d24b36f38d1af359
      size: 2668
    - path: data/generators/tep_adapter.py
      hash: md5
      md5: 5079d258fa3515c901baa8f6cc3183f2
      size: 18956
    - path: data/generators/tep_loader.py
      hash: md5
      md5: 4b1c39a335782e73a910c66d92b80b5b
      size: 2485
    - path: data/generators/tep_params.py
      hash: md5
      md5: 628f5b60f4bd5c30a2d886664451e994
      size: 4973
    - path: data/raw/tep
      hash: md5
      md5: e82fbd78a973f4d893df0040403ccdba.dir
      size: 8813792
      nfiles: 23
    - path: data/schemas/sensor_reading.py
      hash: md5
      md5: 17dd31fc9a8435d77f213aff76c7a139
      size: 7049
    - path: data/schemas/sensor_spans.py
      hash: md5
      md5: 86dd5cedbe46a89d54e290a01ff0b052
      size: 7438
    params:
      params.yaml:
        tep.calibration_date: '2023-06-01'
        tep.drift_coefficient: 0.0001
        tep.last_maintenance_date: '2023-12-01'
        tep.plant_id: TEP-PLANT-01
        tep.processed_dir: data/processed/tep
        tep.raw_dir: data/raw/tep
        tep.sample_interval_minutes: 3
        tep.spans_path: configs/sensor_spans.yaml
        tep.start_time: '2000-01-01T00:00:00+00:00'
    outs:
    - path: data/processed/tep
      hash: md5
      md5: a8ac1f90781fb45561ab923f79621fa5.dir
      size: 25615806
      nfiles: 22
